# THIS IS AN AUTOGENERATED FILE. DO NOT EDIT THIS FILE DIRECTLY.
# yarn lockfile v1


async-validator@^3.5.0:
  version "3.5.0"
  resolved "https://registry.yarnpkg.com/async-validator/-/async-validator-3.5.0.tgz#f6791ee7217cde8036941591bc3754f7c26bbf89"
  integrity sha512-jMDcDHrH618eznoO4/3afJG5+I4HE/ipQd7y4mhPJmCaoHCSPOJfjpWgjFoxma2h8irL+zGe+qwyptDrR37Vhg==

lodash@3:
  version "3.10.1"
  resolved "https://registry.yarnpkg.com/lodash/-/lodash-3.10.1.tgz#5bf45e8e49ba4189e17d482789dfd15bd140b7b6"
  integrity sha1-W/Rejkm6QYnhfUgnid/RW9FAt7Y=
